<Solution>
  <Folder Name="/Solution Items/">
    <File Path=".editorconfig" />
    <File Path=".gitignore" />
    <File Path="Directory.Build.props" />
    <File Path="Directory.Build.targets" />
    <File Path="StyleCop.json" />
  </Folder>
  <Project Path="../DevKit.Core/DevKit.Core/DevKit.Core.csproj" />
  <Project Path="TestRunner.App.Tests/TestRunner.App.Tests.csproj" />
  <Project Path="TestRunner.App/TestRunner.App.csproj">
    <BuildDependency Project="TestRunner.NUnitTestRunnerProxy/TestRunner.NUnitTestRunnerProxy.csproj" />
  </Project>
  <Project Path="TestRunner.Common/TestRunner.Common.csproj" />
  <Project Path="TestRunner.NUnitTestRunnerProxy/TestRunner.NUnitTestRunnerProxy.csproj" />
</Solution>
