
Microsoft Visual Studio Solution File, Format Version 12.00
# Visual Studio Version 17
VisualStudioVersion = 17.5.002.0
MinimumVisualStudioVersion = 10.0.40219.1
Project("{9A19103F-16F7-4668-BE54-9A1E7A4F7556}") = "TestRunner.App", "TestRunner.App\TestRunner.App.csproj", "{BB401548-9880-4206-BE0A-C751E9C883DF}"
EndProject
Project("{FAE04EC0-301F-11D3-BF4B-00C04F79EFBC}") = "TestRunner.App.Tests", "TestRunner.App.Tests\TestRunner.App.Tests.csproj", "{1B51598F-655B-4584-87DA-4996D8A2C90F}"
EndProject
Project("{FAE04EC0-301F-11D3-BF4B-00C04F79EFBC}") = "TestRunner.NUnitTestAssemblyRunnerProxy", "TestRunner.NUnitTestAssemblyRunnerProxy\TestRunner.NUnitTestAssemblyRunnerProxy.csproj", "{F52DA07E-E6A5-40B9-B020-76564F4A414A}"
EndProject
Project("{FAE04EC0-301F-11D3-BF4B-00C04F79EFBC}") = "TestRunner.Common", "TestRunner.Common\TestRunner.Common.csproj", "{9516CD2F-653D-481B-B254-62DA3C53BBEA}"
EndProject
Global
	GlobalSection(SolutionConfigurationPlatforms) = preSolution
		Debug|Any CPU = Debug|Any CPU
		Release|Any CPU = Release|Any CPU
	EndGlobalSection
	GlobalSection(ProjectConfigurationPlatforms) = postSolution
		{BB401548-9880-4206-BE0A-C751E9C883DF}.Debug|Any CPU.ActiveCfg = Debug|Any CPU
		{BB401548-9880-4206-BE0A-C751E9C883DF}.Debug|Any CPU.Build.0 = Debug|Any CPU
		{BB401548-9880-4206-BE0A-C751E9C883DF}.Release|Any CPU.ActiveCfg = Release|Any CPU
		{BB401548-9880-4206-BE0A-C751E9C883DF}.Release|Any CPU.Build.0 = Release|Any CPU
		{1B51598F-655B-4584-87DA-4996D8A2C90F}.Debug|Any CPU.ActiveCfg = Debug|Any CPU
		{1B51598F-655B-4584-87DA-4996D8A2C90F}.Debug|Any CPU.Build.0 = Debug|Any CPU
		{1B51598F-655B-4584-87DA-4996D8A2C90F}.Release|Any CPU.ActiveCfg = Release|Any CPU
		{1B51598F-655B-4584-87DA-4996D8A2C90F}.Release|Any CPU.Build.0 = Release|Any CPU
		{F52DA07E-E6A5-40B9-B020-76564F4A414A}.Debug|Any CPU.ActiveCfg = Debug|Any CPU
		{F52DA07E-E6A5-40B9-B020-76564F4A414A}.Debug|Any CPU.Build.0 = Debug|Any CPU
		{F52DA07E-E6A5-40B9-B020-76564F4A414A}.Release|Any CPU.ActiveCfg = Release|Any CPU
		{F52DA07E-E6A5-40B9-B020-76564F4A414A}.Release|Any CPU.Build.0 = Release|Any CPU
		{9516CD2F-653D-481B-B254-62DA3C53BBEA}.Debug|Any CPU.ActiveCfg = Debug|Any CPU
		{9516CD2F-653D-481B-B254-62DA3C53BBEA}.Debug|Any CPU.Build.0 = Debug|Any CPU
		{9516CD2F-653D-481B-B254-62DA3C53BBEA}.Release|Any CPU.ActiveCfg = Release|Any CPU
		{9516CD2F-653D-481B-B254-62DA3C53BBEA}.Release|Any CPU.Build.0 = Release|Any CPU
	EndGlobalSection
	GlobalSection(SolutionProperties) = preSolution
		HideSolutionNode = FALSE
	EndGlobalSection
	GlobalSection(ExtensibilityGlobals) = postSolution
		SolutionGuid = {BD9F46B3-CFB8-44BE-AE78-05B9140B9467}
	EndGlobalSection
EndGlobal
